
Microsoft Visual Studio Solution File, Format Version 12.00
# Visual Studio Version 17
VisualStudioVersion = 17.11.35219.272
MinimumVisualStudioVersion = 10.0.40219.1
Project("{9A19103F-16F7-4668-BE54-9A1E7A4F7556}") = "UserAPI", "WebAPI\UserAPI.csproj", "{7ED8B142-895C-459A-A8D4-C9D8208A4187}"
EndProject
Project("{9A19103F-16F7-4668-BE54-9A1E7A4F7556}") = "Core", "Core\Core.csproj", "{C8304F27-5CB1-4F09-92DF-1AC7556AEF65}"
EndProject
Project("{9A19103F-16F7-4668-BE54-9A1E7A4F7556}") = "Presistence", "Presistence\Presistence.csproj", "{EC7E8884-16A8-4FF4-BAD2-BF64FE08413F}"
EndProject
Project("{9A19103F-16F7-4668-BE54-9A1E7A4F7556}") = "Aplication", "Aplication\Aplication.csproj", "{9730AAAA-F3B1-4E30-B859-0CCA6DFB00C5}"
EndProject
Global
	GlobalSection(SolutionConfigurationPlatforms) = preSolution
		Debug|Any CPU = Debug|Any CPU
		Release|Any CPU = Release|Any CPU
	EndGlobalSection
	GlobalSection(ProjectConfigurationPlatforms) = postSolution
		{7ED8B142-895C-459A-A8D4-C9D8208A4187}.Debug|Any CPU.ActiveCfg = Debug|Any CPU
		{7ED8B142-895C-459A-A8D4-C9D8208A4187}.Debug|Any CPU.Build.0 = Debug|Any CPU
		{7ED8B142-895C-459A-A8D4-C9D8208A4187}.Release|Any CPU.ActiveCfg = Release|Any CPU
		{7ED8B142-895C-459A-A8D4-C9D8208A4187}.Release|Any CPU.Build.0 = Release|Any CPU
		{C8304F27-5CB1-4F09-92DF-1AC7556AEF65}.Debug|Any CPU.ActiveCfg = Debug|Any CPU
		{C8304F27-5CB1-4F09-92DF-1AC7556AEF65}.Debug|Any CPU.Build.0 = Debug|Any CPU
		{C8304F27-5CB1-4F09-92DF-1AC7556AEF65}.Release|Any CPU.ActiveCfg = Release|Any CPU
		{C8304F27-5CB1-4F09-92DF-1AC7556AEF65}.Release|Any CPU.Build.0 = Release|Any CPU
		{EC7E8884-16A8-4FF4-BAD2-BF64FE08413F}.Debug|Any CPU.ActiveCfg = Debug|Any CPU
		{EC7E8884-16A8-4FF4-BAD2-BF64FE08413F}.Debug|Any CPU.Build.0 = Debug|Any CPU
		{EC7E8884-16A8-4FF4-BAD2-BF64FE08413F}.Release|Any CPU.ActiveCfg = Release|Any CPU
		{EC7E8884-16A8-4FF4-BAD2-BF64FE08413F}.Release|Any CPU.Build.0 = Release|Any CPU
		{9730AAAA-F3B1-4E30-B859-0CCA6DFB00C5}.Debug|Any CPU.ActiveCfg = Debug|Any CPU
		{9730AAAA-F3B1-4E30-B859-0CCA6DFB00C5}.Debug|Any CPU.Build.0 = Debug|Any CPU
		{9730AAAA-F3B1-4E30-B859-0CCA6DFB00C5}.Release|Any CPU.ActiveCfg = Release|Any CPU
		{9730AAAA-F3B1-4E30-B859-0CCA6DFB00C5}.Release|Any CPU.Build.0 = Release|Any CPU
	EndGlobalSection
	GlobalSection(SolutionProperties) = preSolution
		HideSolutionNode = FALSE
	EndGlobalSection
	GlobalSection(ExtensibilityGlobals) = postSolution
		SolutionGuid = {2F30B19F-5CE7-4A9C-9206-EF6797DD2B59}
	EndGlobalSection
EndGlobal
